// !$*UTF8*$!
{
	archiveVersion = 1;
	classes = {
	};
	objectVersion = 77;
	objects = {

/* Begin PBXBuildFile section */
		1A05B86C2D91D2B40099849D /* QuizEngine_iOS.framework in Frameworks */ = {isa = PBXBuildFile; fileRef = 1A05B86B2D91D2B40099849D /* QuizEngine_iOS.framework */; };
		1A05B86D2D91D2B40099849D /* QuizEngine_iOS.framework in Embed Frameworks */ = {isa = PBXBuildFile; fileRef = 1A05B86B2D91D2B40099849D /* QuizEngine_iOS.framework */; settings = {ATTRIBUTES = (CodeSignOnCopy, RemoveHeadersOnCopy, ); }; };
/* End PBXBuildFile section */

/* Begin PBXContainerItemProxy section */
		1A1878992D8EFCBD00035A35 /* PBXContainerItemProxy */ = {
			isa = PBXContainerItemProxy;
			containerPortal = 1A18787A2D8EFCBB00035A35 /* Project object */;
			proxyType = 1;
			remoteGlobalIDString = 1A1878812D8EFCBB00035A35;
			remoteInfo = SatApp;
		};
		1A1878A32D8EFCBD00035A35 /* PBXContainerItemProxy */ = {
			isa = PBXContainerItemProxy;
			containerPortal = 1A18787A2D8EFCBB00035A35 /* Project object */;
			proxyType = 1;
			remoteGlobalIDString = 1A1878812D8EFCBB00035A35;
			remoteInfo = SatApp;
		};
/* End PBXContainerItemProxy section */

/* Begin PBXCopyFilesBuildPhase section */
		1A05B86E2D91D2B40099849D /* Embed Frameworks */ = {
			isa = PBXCopyFilesBuildPhase;
			buildActionMask = 2147483647;
			dstPath = "";
			dstSubfolderSpec = 10;
			files = (
				1A05B86D2D91D2B40099849D /* QuizEngine_iOS.framework in Embed Frameworks */,
			);
			name = "Embed Frameworks";
			runOnlyForDeploymentPostprocessing = 0;
		};
/* End PBXCopyFilesBuildPhase section */

/* Begin PBXFileReference section */
		1A05B86B2D91D2B40099849D /* QuizEngine_iOS.framework */ = {isa = PBXFileReference; explicitFileType = wrapper.framework; path = QuizEngine_iOS.framework; sourceTree = BUILT_PRODUCTS_DIR; };
		1A1878822D8EFCBB00035A35 /* SatApp.app */ = {isa = PBXFileReference; explicitFileType = wrapper.application; includeInIndex = 0; path = SatApp.app; sourceTree = BUILT_PRODUCTS_DIR; };
		1A1878982D8EFCBD00035A35 /* SatAppTests.xctest */ = {isa = PBXFileReference; explicitFileType = wrapper.cfbundle; includeInIndex = 0; path = SatAppTests.xctest; sourceTree = BUILT_PRODUCTS_DIR; };
		1A1878A22D8EFCBD00035A35 /* SatAppUITests.xctest */ = {isa = PBXFileReference; explicitFileType = wrapper.cfbundle; includeInIndex = 0; path = SatAppUITests.xctest; sourceTree = BUILT_PRODUCTS_DIR; };
		1AB358D52D8F6E1900E72B9C /* SatApp.xctestplan */ = {isa = PBXFileReference; lastKnownFileType = text; name = SatApp.xctestplan; path = SatAppTests/SatApp.xctestplan; sourceTree = "<group>"; };
/* End PBXFileReference section */

/* Begin PBXFileSystemSynchronizedBuildFileExceptionSet section */
		1A1878AA2D8EFCBD00035A35 /* Exceptions for "SatApp" folder in "SatApp" target */ = {
			isa = PBXFileSystemSynchronizedBuildFileExceptionSet;
			membershipExceptions = (
				Main/Info.plist,
			);
			target = 1A1878812D8EFCBB00035A35 /* SatApp */;
		};
/* End PBXFileSystemSynchronizedBuildFileExceptionSet section */

/* Begin PBXFileSystemSynchronizedRootGroup section */
		1A1878842D8EFCBB00035A35 /* SatApp */ = {
			isa = PBXFileSystemSynchronizedRootGroup;
			exceptions = (
				1A1878AA2D8EFCBD00035A35 /* Exceptions for "SatApp" folder in "SatApp" target */,
			);
			path = SatApp;
			sourceTree = "<group>";
		};
		1A18789B2D8EFCBD00035A35 /* SatAppTests */ = {
			isa = PBXFileSystemSynchronizedRootGroup;
			path = SatAppTests;
			sourceTree = "<group>";
		};
/* End PBXFileSystemSynchronizedRootGroup section */

/* Begin PBXFrameworksBuildPhase section */
		1A18787F2D8EFCBB00035A35 /* Frameworks */ = {
			isa = PBXFrameworksBuildPhase;
			buildActionMask = 2147483647;
			files = (
				1A05B86C2D91D2B40099849D /* QuizEngine_iOS.framework in Frameworks */,
			);
			runOnlyForDeploymentPostprocessing = 0;
		};
		1A1878952D8EFCBD00035A35 /* Frameworks */ = {
			isa = PBXFrameworksBuildPhase;
			buildActionMask = 2147483647;
			files = (
			);
			runOnlyForDeploymentPostprocessing = 0;
		};
		1A18789F2D8EFCBD00035A35 /* Frameworks */ = {
			isa = PBXFrameworksBuildPhase;
			buildActionMask = 2147483647;
			files = (
			);
			runOnlyForDeploymentPostprocessing = 0;
		};
/* End PBXFrameworksBuildPhase section */

/* Begin PBXGroup section */
		1A05B86A2D91D2B40099849D /* Frameworks */ = {
			isa = PBXGroup;
			children = (
				1A05B86B2D91D2B40099849D /* QuizEngine_iOS.framework */,
			);
			name = Frameworks;
			sourceTree = "<group>";
		};
		1A1878792D8EFCBB00035A35 = {
			isa = PBXGroup;
			children = (
				1AB358D52D8F6E1900E72B9C /* SatApp.xctestplan */,
				1A1878842D8EFCBB00035A35 /* SatApp */,
				1A18789B2D8EFCBD00035A35 /* SatAppTests */,
				1A05B86A2D91D2B40099849D /* Frameworks */,
				1A1878832D8EFCBB00035A35 /* Products */,
			);
			sourceTree = "<group>";
		};
		1A1878832D8EFCBB00035A35 /* Products */ = {
			isa = PBXGroup;
			children = (
				1A1878822D8EFCBB00035A35 /* SatApp.app */,
				1A1878982D8EFCBD00035A35 /* SatAppTests.xctest */,
				1A1878A22D8EFCBD00035A35 /* SatAppUITests.xctest */,
			);
			name = Products;
			sourceTree = "<group>";
		};
/* End PBXGroup section */

/* Begin PBXNativeTarget section */
		1A1878812D8EFCBB00035A35 /* SatApp */ = {
			isa = PBXNativeTarget;
			buildConfigurationList = 1A1878AB2D8EFCBD00035A35 /* Build configuration list for PBXNativeTarget "SatApp" */;
			buildPhases = (
				1A18787E2D8EFCBB00035A35 /* Sources */,
				1A18787F2D8EFCBB00035A35 /* Frameworks */,
				1A1878802D8EFCBB00035A35 /* Resources */,
				1A05B86E2D91D2B40099849D /* Embed Frameworks */,
			);
			buildRules = (
			);
			dependencies = (
			);
			fileSystemSynchronizedGroups = (
				1A1878842D8EFCBB00035A35 /* SatApp */,
			);
			name = SatApp;
			packageProductDependencies = (
			);
			productName = SatApp;
			productReference = 1A1878822D8EFCBB00035A35 /* SatApp.app */;
			productType = "com.apple.product-type.application";
		};
		1A1878972D8EFCBD00035A35 /* SatAppTests */ = {
			isa = PBXNativeTarget;
			buildConfigurationList = 1A1878B02D8EFCBD00035A35 /* Build configuration list for PBXNativeTarget "SatAppTests" */;
			buildPhases = (
				1A1878942D8EFCBD00035A35 /* Sources */,
				1A1878952D8EFCBD00035A35 /* Frameworks */,
				1A1878962D8EFCBD00035A35 /* Resources */,
			);
			buildRules = (
			);
			dependencies = (
				1A18789A2D8EFCBD00035A35 /* PBXTargetDependency */,
			);
			fileSystemSynchronizedGroups = (
				1A18789B2D8EFCBD00035A35 /* SatAppTests */,
			);
			name = SatAppTests;
			packageProductDependencies = (
			);
			productName = SatAppTests;
			productReference = 1A1878982D8EFCBD00035A35 /* SatAppTests.xctest */;
			productType = "com.apple.product-type.bundle.unit-test";
		};
		1A1878A12D8EFCBD00035A35 /* SatAppUITests */ = {
			isa = PBXNativeTarget;
			buildConfigurationList = 1A1878B32D8EFCBD00035A35 /* Build configuration list for PBXNativeTarget "SatAppUITests" */;
			buildPhases = (
				1A18789E2D8EFCBD00035A35 /* Sources */,
				1A18789F2D8EFCBD00035A35 /* Frameworks */,
				1A1878A02D8EFCBD00035A35 /* Resources */,
			);
			buildRules = (
			);
			dependencies = (
				1A1878A42D8EFCBD00035A35 /* PBXTargetDependency */,
			);
			name = SatAppUITests;
			packageProductDependencies = (
			);
			productName = SatAppUITests;
			productReference = 1A1878A22D8EFCBD00035A35 /* SatAppUITests.xctest */;
			productType = "com.apple.product-type.bundle.ui-testing";
		};
/* End PBXNativeTarget section */

/* Begin PBXProject section */
		1A18787A2D8EFCBB00035A35 /* Project object */ = {
			isa = PBXProject;
			attributes = {
				BuildIndependentTargetsInParallel = 1;
				LastSwiftUpdateCheck = 1620;
				LastUpgradeCheck = 1620;
				TargetAttributes = {
					1A1878812D8EFCBB00035A35 = {
						CreatedOnToolsVersion = 16.2;
					};
					1A1878972D8EFCBD00035A35 = {
						CreatedOnToolsVersion = 16.2;
						LastSwiftMigration = 1620;
						TestTargetID = 1A1878812D8EFCBB00035A35;
					};
					1A1878A12D8EFCBD00035A35 = {
						CreatedOnToolsVersion = 16.2;
						TestTargetID = 1A1878812D8EFCBB00035A35;
					};
				};
			};
			buildConfigurationList = 1A18787D2D8EFCBB00035A35 /* Build configuration list for PBXProject "SatApp" */;
			developmentRegion = en;
			hasScannedForEncodings = 0;
			knownRegions = (
				en,
				Base,
			);
			mainGroup = 1A1878792D8EFCBB00035A35;
			minimizedProjectReferenceProxies = 1;
			preferredProjectObjectVersion = 77;
			productRefGroup = 1A1878832D8EFCBB00035A35 /* Products */;
			projectDirPath = "";
			projectRoot = "";
			targets = (
				1A1878812D8EFCBB00035A35 /* SatApp */,
				1A1878972D8EFCBD00035A35 /* SatAppTests */,
				1A1878A12D8EFCBD00035A35 /* SatAppUITests */,
			);
		};
/* End PBXProject section */

/* Begin PBXResourcesBuildPhase section */
		1A1878802D8EFCBB00035A35 /* Resources */ = {
			isa = PBXResourcesBuildPhase;
			buildActionMask = 2147483647;
			files = (
			);
			runOnlyForDeploymentPostprocessing = 0;
		};
		1A1878962D8EFCBD00035A35 /* Resources */ = {
			isa = PBXResourcesBuildPhase;
			buildActionMask = 2147483647;
			files = (
			);
			runOnlyForDeploymentPostprocessing = 0;
		};
		1A1878A02D8EFCBD00035A35 /* Resources */ = {
			isa = PBXResourcesBuildPhase;
			buildActionMask = 2147483647;
			files = (
			);
			runOnlyForDeploymentPostprocessing = 0;
		};
/* End PBXResourcesBuildPhase section */

/* Begin PBXSourcesBuildPhase section */
		1A18787E2D8EFCBB00035A35 /* Sources */ = {
			isa = PBXSourcesBuildPhase;
			buildActionMask = 2147483647;
			files = (
			);
			runOnlyForDeploymentPostprocessing = 0;
		};
		1A1878942D8EFCBD00035A35 /* Sources */ = {
			isa = PBXSourcesBuildPhase;
			buildActionMask = 2147483647;
			files = (
			);
			runOnlyForDeploymentPostprocessing = 0;
		};
		1A18789E2D8EFCBD00035A35 /* Sources */ = {
			isa = PBXSourcesBuildPhase;
			buildActionMask = 2147483647;
			files = (
			);
			runOnlyForDeploymentPostprocessing = 0;
		};
/* End PBXSourcesBuildPhase section */

/* Begin PBXTargetDependency section */
		1A18789A2D8EFCBD00035A35 /* PBXTargetDependency */ = {
			isa = PBXTargetDependency;
			target = 1A1878812D8EFCBB00035A35 /* SatApp */;
			targetProxy = 1A1878992D8EFCBD00035A35 /* PBXContainerItemProxy */;
		};
		1A1878A42D8EFCBD00035A35 /* PBXTargetDependency */ = {
			isa = PBXTargetDependency;
			target = 1A1878812D8EFCBB00035A35 /* SatApp */;
			targetProxy = 1A1878A32D8EFCBD00035A35 /* PBXContainerItemProxy */;
		};
/* End PBXTargetDependency section */

/* Begin XCBuildConfiguration section */
		1A1878AC2D8EFCBD00035A35 /* Debug */ = {
			isa = XCBuildConfiguration;
			buildSettings = {
				ASSETCATALOG_COMPILER_APPICON_NAME = AppIcon;
				ASSETCATALOG_COMPILER_GLOBAL_ACCENT_COLOR_NAME = AccentColor;
				CODE_SIGN_STYLE = Automatic;
				CURRENT_PROJECT_VERSION = 1;
				DEVELOPMENT_TEAM = 272247UTKJ;
				GENERATE_INFOPLIST_FILE = YES;
				INFOPLIST_FILE = SatApp/Info.plist;
				INFOPLIST_KEY_UIApplicationSupportsIndirectInputEvents = YES;
				INFOPLIST_KEY_UILaunchStoryboardName = LaunchScreen;
				INFOPLIST_KEY_UIMainStoryboardFile = "";
				INFOPLIST_KEY_UISupportedInterfaceOrientations_iPad = "UIInterfaceOrientationPortrait UIInterfaceOrientationPortraitUpsideDown UIInterfaceOrientationLandscapeLeft UIInterfaceOrientationLandscapeRight";
				INFOPLIST_KEY_UISupportedInterfaceOrientations_iPhone = "UIInterfaceOrientationPortrait UIInterfaceOrientationLandscapeLeft UIInterfaceOrientationLandscapeRight";
				LD_RUNPATH_SEARCH_PATHS = (
					"$(inherited)",
					"@executable_path/Frameworks",
				);
				MARKETING_VERSION = 1.0;
				PRODUCT_BUNDLE_IDENTIFIER = com.yuri.SatApp;
				PRODUCT_NAME = "$(TARGET_NAME)";
				SWIFT_EMIT_LOC_STRINGS = YES;
				SWIFT_VERSION = 5.0;
				TARGETED_DEVICE_FAMILY = "1,2";
			};
			name = Debug;
		};
		1A1878AD2D8EFCBD00035A35 /* Release */ = {
			isa = XCBuildConfiguration;
			buildSettings = {
				ASSETCATALOG_COMPILER_APPICON_NAME = AppIcon;
				ASSETCATALOG_COMPILER_GLOBAL_ACCENT_COLOR_NAME = AccentColor;
				CODE_SIGN_STYLE = Automatic;
				CURRENT_PROJECT_VERSION = 1;
				DEVELOPMENT_TEAM = 272247UTKJ;
				GENERATE_INFOPLIST_FILE = YES;
				INFOPLIST_FILE = SatApp/Info.plist;
				INFOPLIST_KEY_UIApplicationSupportsIndirectInputEvents = YES;
				INFOPLIST_KEY_UILaunchStoryboardName = LaunchScreen;
				INFOPLIST_KEY_UIMainStoryboardFile = "";
				INFOPLIST_KEY_UISupportedInterfaceOrientations_iPad = "UIInterfaceOrientationPortrait UIInterfaceOrientationPortraitUpsideDown UIInterfaceOrientationLandscapeLeft UIInterfaceOrientationLandscapeRight";
				INFOPLIST_KEY_UISupportedInterfaceOrientations_iPhone = "UIInterfaceOrientationPortrait UIInterfaceOrientationLandscapeLeft UIInterfaceOrientationLandscapeRight";
				LD_RUNPATH_SEARCH_PATHS = (
					"$(inherited)",
					"@executable_path/Frameworks",
				);
				MARKETING_VERSION = 1.0;
				PRODUCT_BUNDLE_IDENTIFIER = com.yuri.SatApp;
				PRODUCT_NAME = "$(TARGET_NAME)";
				SWIFT_EMIT_LOC_STRINGS = YES;
				SWIFT_VERSION = 5.0;
				TARGETED_DEVICE_FAMILY = "1,2";
			};
			name = Release;
		};
		1A1878AE2D8EFCBD00035A35 /* Debug */ = {
			isa = XCBuildConfiguration;
			buildSettings = {
				ALWAYS_SEARCH_USER_PATHS = NO;
				ASSETCATALOG_COMPILER_GENERATE_SWIFT_ASSET_SYMBOL_EXTENSIONS = YES;
				CLANG_ANALYZER_NONNULL = YES;
				CLANG_ANALYZER_NUMBER_OBJECT_CONVERSION = YES_AGGRESSIVE;
				CLANG_CXX_LANGUAGE_STANDARD = "gnu++20";
				CLANG_ENABLE_MODULES = YES;
				CLANG_ENABLE_OBJC_ARC = YES;
				CLANG_ENABLE_OBJC_WEAK = YES;
				CLANG_WARN_BLOCK_CAPTURE_AUTORELEASING = YES;
				CLANG_WARN_BOOL_CONVERSION = YES;
				CLANG_WARN_COMMA = YES;
				CLANG_WARN_CONSTANT_CONVERSION = YES;
				CLANG_WARN_DEPRECATED_OBJC_IMPLEMENTATIONS = YES;
				CLANG_WARN_DIRECT_OBJC_ISA_USAGE = YES_ERROR;
				CLANG_WARN_DOCUMENTATION_COMMENTS = YES;
				CLANG_WARN_EMPTY_BODY = YES;
				CLANG_WARN_ENUM_CONVERSION = YES;
				CLANG_WARN_INFINITE_RECURSION = YES;
				CLANG_WARN_INT_CONVERSION = YES;
				CLANG_WARN_NON_LITERAL_NULL_CONVERSION = YES;
				CLANG_WARN_OBJC_IMPLICIT_RETAIN_SELF = YES;
				CLANG_WARN_OBJC_LITERAL_CONVERSION = YES;
				CLANG_WARN_OBJC_ROOT_CLASS = YES_ERROR;
				CLANG_WARN_QUOTED_INCLUDE_IN_FRAMEWORK_HEADER = YES;
				CLANG_WARN_RANGE_LOOP_ANALYSIS = YES;
				CLANG_WARN_STRICT_PROTOTYPES = YES;
				CLANG_WARN_SUSPICIOUS_MOVE = YES;
				CLANG_WARN_UNGUARDED_AVAILABILITY = YES_AGGRESSIVE;
				CLANG_WARN_UNREACHABLE_CODE = YES;
				CLANG_WARN__DUPLICATE_METHOD_MATCH = YES;
				COPY_PHASE_STRIP = NO;
				DEBUG_INFORMATION_FORMAT = dwarf;
				ENABLE_STRICT_OBJC_MSGSEND = YES;
				ENABLE_TESTABILITY = YES;
				ENABLE_USER_SCRIPT_SANDBOXING = YES;
				GCC_C_LANGUAGE_STANDARD = gnu17;
				GCC_DYNAMIC_NO_PIC = NO;
				GCC_NO_COMMON_BLOCKS = YES;
				GCC_OPTIMIZATION_LEVEL = 0;
				GCC_PREPROCESSOR_DEFINITIONS = (
					"DEBUG=1",
					"$(inherited)",
				);
				GCC_WARN_64_TO_32_BIT_CONVERSION = YES;
				GCC_WARN_ABOUT_RETURN_TYPE = YES_ERROR;
				GCC_WARN_UNDECLARED_SELECTOR = YES;
				GCC_WARN_UNINITIALIZED_AUTOS = YES_AGGRESSIVE;
				GCC_WARN_UNUSED_FUNCTION = YES;
				GCC_WARN_UNUSED_VARIABLE = YES;
				IPHONEOS_DEPLOYMENT_TARGET = 18.2;
				LOCALIZATION_PREFERS_STRING_CATALOGS = YES;
				MTL_ENABLE_DEBUG_INFO = INCLUDE_SOURCE;
				MTL_FAST_MATH = YES;
				ONLY_ACTIVE_ARCH = YES;
				SDKROOT = iphoneos;
				SWIFT_ACTIVE_COMPILATION_CONDITIONS = "DEBUG $(inherited)";
				SWIFT_OPTIMIZATION_LEVEL = "-Onone";
			};
			name = Debug;
		};
		1A1878AF2D8EFCBD00035A35 /* Release */ = {
			isa = XCBuildConfiguration;
			buildSettings = {
				ALWAYS_SEARCH_USER_PATHS = NO;
				ASSETCATALOG_COMPILER_GENERATE_SWIFT_ASSET_SYMBOL_EXTENSIONS = YES;
				CLANG_ANALYZER_NONNULL = YES;
				CLANG_ANALYZER_NUMBER_OBJECT_CONVERSION = YES_AGGRESSIVE;
				CLANG_CXX_LANGUAGE_STANDARD = "gnu++20";
				CLANG_ENABLE_MODULES = YES;
				CLANG_ENABLE_OBJC_ARC = YES;
				CLANG_ENABLE_OBJC_WEAK = YES;
				CLANG_WARN_BLOCK_CAPTURE_AUTORELEASING = YES;
				CLANG_WARN_BOOL_CONVERSION = YES;
				CLANG_WARN_COMMA = YES;
				CLANG_WARN_CONSTANT_CONVERSION = YES;
				CLANG_WARN_DEPRECATED_OBJC_IMPLEMENTATIONS = YES;
				CLANG_WARN_DIRECT_OBJC_ISA_USAGE = YES_ERROR;
				CLANG_WARN_DOCUMENTATION_COMMENTS = YES;
				CLANG_WARN_EMPTY_BODY = YES;
				CLANG_WARN_ENUM_CONVERSION = YES;
				CLANG_WARN_INFINITE_RECURSION = YES;
				CLANG_WARN_INT_CONVERSION = YES;
				CLANG_WARN_NON_LITERAL_NULL_CONVERSION = YES;
				CLANG_WARN_OBJC_IMPLICIT_RETAIN_SELF = YES;
				CLANG_WARN_OBJC_LITERAL_CONVERSION = YES;
				CLANG_WARN_OBJC_ROOT_CLASS = YES_ERROR;
				CLANG_WARN_QUOTED_INCLUDE_IN_FRAMEWORK_HEADER = YES;
				CLANG_WARN_RANGE_LOOP_ANALYSIS = YES;
				CLANG_WARN_STRICT_PROTOTYPES = YES;
				CLANG_WARN_SUSPICIOUS_MOVE = YES;
				CLANG_WARN_UNGUARDED_AVAILABILITY = YES_AGGRESSIVE;
				CLANG_WARN_UNREACHABLE_CODE = YES;
				CLANG_WARN__DUPLICATE_METHOD_MATCH = YES;
				COPY_PHASE_STRIP = NO;
				DEBUG_INFORMATION_FORMAT = "dwarf-with-dsym";
				ENABLE_NS_ASSERTIONS = NO;
				ENABLE_STRICT_OBJC_MSGSEND = YES;
				ENABLE_USER_SCRIPT_SANDBOXING = YES;
				GCC_C_LANGUAGE_STANDARD = gnu17;
				GCC_NO_COMMON_BLOCKS = YES;
				GCC_WARN_64_TO_32_BIT_CONVERSION = YES;
				GCC_WARN_ABOUT_RETURN_TYPE = YES_ERROR;
				GCC_WARN_UNDECLARED_SELECTOR = YES;
				GCC_WARN_UNINITIALIZED_AUTOS = YES_AGGRESSIVE;
				GCC_WARN_UNUSED_FUNCTION = YES;
				GCC_WARN_UNUSED_VARIABLE = YES;
				IPHONEOS_DEPLOYMENT_TARGET = 18.2;
				LOCALIZATION_PREFERS_STRING_CATALOGS = YES;
				MTL_ENABLE_DEBUG_INFO = NO;
				MTL_FAST_MATH = YES;
				SDKROOT = iphoneos;
				SWIFT_COMPILATION_MODE = wholemodule;
				VALIDATE_PRODUCT = YES;
			};
			name = Release;
		};
		1A1878B12D8EFCBD00035A35 /* Debug */ = {
			isa = XCBuildConfiguration;
			buildSettings = {
				BUNDLE_LOADER = "$(TEST_HOST)";
				CLANG_ENABLE_MODULES = YES;
				CODE_SIGN_STYLE = Automatic;
				CURRENT_PROJECT_VERSION = 1;
				DEVELOPMENT_TEAM = 272247UTKJ;
				GENERATE_INFOPLIST_FILE = YES;
				IPHONEOS_DEPLOYMENT_TARGET = 18.2;
				MARKETING_VERSION = 1.0;
				PRODUCT_BUNDLE_IDENTIFIER = com.yuri.SatAppTests;
				PRODUCT_NAME = "$(TARGET_NAME)";
				SWIFT_EMIT_LOC_STRINGS = NO;
				SWIFT_OPTIMIZATION_LEVEL = "-Onone";
				SWIFT_VERSION = 5.0;
				TARGETED_DEVICE_FAMILY = "1,2";
				TEST_HOST = "$(BUILT_PRODUCTS_DIR)/SatApp.app/$(BUNDLE_EXECUTABLE_FOLDER_PATH)/SatApp";
			};
			name = Debug;
		};
		1A1878B22D8EFCBD00035A35 /* Release */ = {
			isa = XCBuildConfiguration;
			buildSettings = {
				BUNDLE_LOADER = "$(TEST_HOST)";
				CLANG_ENABLE_MODULES = YES;
				CODE_SIGN_STYLE = Automatic;
				CURRENT_PROJECT_VERSION = 1;
				DEVELOPMENT_TEAM = 272247UTKJ;
				GENERATE_INFOPLIST_FILE = YES;
				IPHONEOS_DEPLOYMENT_TARGET = 18.2;
				MARKETING_VERSION = 1.0;
				PRODUCT_BUNDLE_IDENTIFIER = com.yuri.SatAppTests;
				PRODUCT_NAME = "$(TARGET_NAME)";
				SWIFT_EMIT_LOC_STRINGS = NO;
				SWIFT_VERSION = 5.0;
				TARGETED_DEVICE_FAMILY = "1,2";
				TEST_HOST = "$(BUILT_PRODUCTS_DIR)/SatApp.app/$(BUNDLE_EXECUTABLE_FOLDER_PATH)/SatApp";
			};
			name = Release;
		};
		1A1878B42D8EFCBD00035A35 /* Debug */ = {
			isa = XCBuildConfiguration;
			buildSettings = {
				CODE_SIGN_STYLE = Automatic;
				CURRENT_PROJECT_VERSION = 1;
				DEVELOPMENT_TEAM = 272247UTKJ;
				GENERATE_INFOPLIST_FILE = YES;
				MARKETING_VERSION = 1.0;
				PRODUCT_BUNDLE_IDENTIFIER = com.yuri.SatAppUITests;
				PRODUCT_NAME = "$(TARGET_NAME)";
				SWIFT_EMIT_LOC_STRINGS = NO;
				SWIFT_VERSION = 5.0;
				TARGETED_DEVICE_FAMILY = "1,2";
				TEST_TARGET_NAME = SatApp;
			};
			name = Debug;
		};
		1A1878B52D8EFCBD00035A35 /* Release */ = {
			isa = XCBuildConfiguration;
			buildSettings = {
				CODE_SIGN_STYLE = Automatic;
				CURRENT_PROJECT_VERSION = 1;
				DEVELOPMENT_TEAM = 272247UTKJ;
				GENERATE_INFOPLIST_FILE = YES;
				MARKETING_VERSION = 1.0;
				PRODUCT_BUNDLE_IDENTIFIER = com.yuri.SatAppUITests;
				PRODUCT_NAME = "$(TARGET_NAME)";
				SWIFT_EMIT_LOC_STRINGS = NO;
				SWIFT_VERSION = 5.0;
				TARGETED_DEVICE_FAMILY = "1,2";
				TEST_TARGET_NAME = SatApp;
			};
			name = Release;
		};
/* End XCBuildConfiguration section */

/* Begin XCConfigurationList section */
		1A18787D2D8EFCBB00035A35 /* Build configuration list for PBXProject "SatApp" */ = {
			isa = XCConfigurationList;
			buildConfigurations = (
				1A1878AE2D8EFCBD00035A35 /* Debug */,
				1A1878AF2D8EFCBD00035A35 /* Release */,
			);
			defaultConfigurationIsVisible = 0;
			defaultConfigurationName = Release;
		};
		1A1878AB2D8EFCBD00035A35 /* Build configuration list for PBXNativeTarget "SatApp" */ = {
			isa = XCConfigurationList;
			buildConfigurations = (
				1A1878AC2D8EFCBD00035A35 /* Debug */,
				1A1878AD2D8EFCBD00035A35 /* Release */,
			);
			defaultConfigurationIsVisible = 0;
			defaultConfigurationName = Release;
		};
		1A1878B02D8EFCBD00035A35 /* Build configuration list for PBXNativeTarget "SatAppTests" */ = {
			isa = XCConfigurationList;
			buildConfigurations = (
				1A1878B12D8EFCBD00035A35 /* Debug */,
				1A1878B22D8EFCBD00035A35 /* Release */,
			);
			defaultConfigurationIsVisible = 0;
			defaultConfigurationName = Release;
		};
		1A1878B32D8EFCBD00035A35 /* Build configuration list for PBXNativeTarget "SatAppUITests" */ = {
			isa = XCConfigurationList;
			buildConfigurations = (
				1A1878B42D8EFCBD00035A35 /* Debug */,
				1A1878B52D8EFCBD00035A35 /* Release */,
			);
			defaultConfigurationIsVisible = 0;
			defaultConfigurationName = Release;
		};
/* End XCConfigurationList section */
	};
	rootObject = 1A18787A2D8EFCBB00035A35 /* Project object */;
}
